
Microsoft Visual Studio Solution File, Format Version 12.00
# Visual Studio Version 17
VisualStudioVersion = 17.4.33213.308
MinimumVisualStudioVersion = 10.0.40219.1
Project("{FAE04EC0-301F-11D3-BF4B-00C04F79EFBC}") = "T1_DU_1219823", "T1_DU_1219823\T1_DU_1219823.csproj", "{87EB19A6-3600-4031-8E80-6BBF9F0C81A1}"
EndProject
Global
	GlobalSection(SolutionConfigurationPlatforms) = preSolution
		Debug|Any CPU = Debug|Any CPU
		Release|Any CPU = Release|Any CPU
	EndGlobalSection
	GlobalSection(ProjectConfigurationPlatforms) = postSolution
		{87EB19A6-3600-4031-8E80-6BBF9F0C81A1}.Debug|Any CPU.ActiveCfg = Debug|Any CPU
		{87EB19A6-3600-4031-8E80-6BBF9F0C81A1}.Debug|Any CPU.Build.0 = Debug|Any CPU
		{87EB19A6-3600-4031-8E80-6BBF9F0C81A1}.Release|Any CPU.ActiveCfg = Release|Any CPU
		{87EB19A6-3600-4031-8E80-6BBF9F0C81A1}.Release|Any CPU.Build.0 = Release|Any CPU
	EndGlobalSection
	GlobalSection(SolutionProperties) = preSolution
		HideSolutionNode = FALSE
	EndGlobalSection
	GlobalSection(ExtensibilityGlobals) = postSolution
		SolutionGuid = {FCC06C6B-8467-4999-89B6-91C767D7B54B}
	EndGlobalSection
EndGlobal
